
Microsoft Visual Studio Solution File, Format Version 12.00
Project("{FAE04EC0-301F-11D3-BF4B-00C04F79EFBC}") = "KanbanCord.Bot", "KanbanCord.Bot\KanbanCord.Bot.csproj", "{A78B6BE1-D052-4B35-9C90-65660ECCC727}"
EndProject
Project("{FAE04EC0-301F-11D3-BF4B-00C04F79EFBC}") = "KanbanCord.Core", "KanbanCord.Core\KanbanCord.Core.csproj", "{6CACA53A-173B-4D17-8DB0-2B627CB0388E}"
EndProject
Project("{FAE04EC0-301F-11D3-BF4B-00C04F79EFBC}") = "KanbanCord.Tests", "KanbanCord.Tests\KanbanCord.Tests.csproj", "{DBEA21AC-2AB2-497E-AE7A-469BA945047A}"
EndProject
Project("{2150E333-8FDC-42A3-9474-1A3956D46DE8}") = "Solution Items", "Solution Items", "{D4F7AADC-DA02-4CB6-9770-A18FBDEEC7A4}"
	ProjectSection(SolutionItems) = preProject
		Directory.Build.props = Directory.Build.props
		Directory.Packages.props = Directory.Packages.props
		Dockerfile = Dockerfile
		README.md = README.md
		docker-compose.yml = docker-compose.yml
		.github\workflows\unit-tests.yml = .github\workflows\unit-tests.yml
	EndProjectSection
EndProject
Project("{2150E333-8FDC-42A3-9474-1A3956D46DE8}") = "Workflows", "Workflows", "{78B359FF-2AD0-401F-9070-B16B961FEC3F}"
	ProjectSection(SolutionItems) = preProject
		.github\workflows\build-and-publish-docker-image.yml = .github\workflows\build-and-publish-docker-image.yml
		.github\workflows\build-solution.yml = .github\workflows\build-solution.yml
		.github\workflows\unit-tests.yml = .github\workflows\unit-tests.yml
	EndProjectSection
EndProject
Global
	GlobalSection(SolutionConfigurationPlatforms) = preSolution
		Debug|Any CPU = Debug|Any CPU
		Release|Any CPU = Release|Any CPU
	EndGlobalSection
	GlobalSection(ProjectConfigurationPlatforms) = postSolution
		{A78B6BE1-D052-4B35-9C90-65660ECCC727}.Debug|Any CPU.ActiveCfg = Debug|Any CPU
		{A78B6BE1-D052-4B35-9C90-65660ECCC727}.Debug|Any CPU.Build.0 = Debug|Any CPU
		{A78B6BE1-D052-4B35-9C90-65660ECCC727}.Release|Any CPU.ActiveCfg = Release|Any CPU
		{A78B6BE1-D052-4B35-9C90-65660ECCC727}.Release|Any CPU.Build.0 = Release|Any CPU
		{6CACA53A-173B-4D17-8DB0-2B627CB0388E}.Debug|Any CPU.ActiveCfg = Debug|Any CPU
		{6CACA53A-173B-4D17-8DB0-2B627CB0388E}.Debug|Any CPU.Build.0 = Debug|Any CPU
		{6CACA53A-173B-4D17-8DB0-2B627CB0388E}.Release|Any CPU.ActiveCfg = Release|Any CPU
		{6CACA53A-173B-4D17-8DB0-2B627CB0388E}.Release|Any CPU.Build.0 = Release|Any CPU
		{DBEA21AC-2AB2-497E-AE7A-469BA945047A}.Debug|Any CPU.ActiveCfg = Debug|Any CPU
		{DBEA21AC-2AB2-497E-AE7A-469BA945047A}.Debug|Any CPU.Build.0 = Debug|Any CPU
		{DBEA21AC-2AB2-497E-AE7A-469BA945047A}.Release|Any CPU.ActiveCfg = Release|Any CPU
		{DBEA21AC-2AB2-497E-AE7A-469BA945047A}.Release|Any CPU.Build.0 = Release|Any CPU
	EndGlobalSection
	GlobalSection(NestedProjects) = preSolution
		{78B359FF-2AD0-401F-9070-B16B961FEC3F} = {D4F7AADC-DA02-4CB6-9770-A18FBDEEC7A4}
	EndGlobalSection
EndGlobal
