
Microsoft Visual Studio Solution File, Format Version 12.00
Project("{FAE04EC0-301F-11D3-BF4B-00C04F79EFBC}") = "KanbanCord", "KanbanCord/KanbanCord.csproj", "{A78B6BE1-D052-4B35-9C90-65660ECCC727}"
EndProject
Global
	GlobalSection(SolutionConfigurationPlatforms) = preSolution
		Debug|Any CPU = Debug|Any CPU
		Release|Any CPU = Release|Any CPU
	EndGlobalSection
	GlobalSection(ProjectConfigurationPlatforms) = postSolution
		{A78B6BE1-D052-4B35-9C90-65660ECCC727}.Debug|Any CPU.ActiveCfg = Debug|Any CPU
		{A78B6BE1-D052-4B35-9C90-65660ECCC727}.Debug|Any CPU.Build.0 = Debug|Any CPU
		{A78B6BE1-D052-4B35-9C90-65660ECCC727}.Release|Any CPU.ActiveCfg = Release|Any CPU
		{A78B6BE1-D052-4B35-9C90-65660ECCC727}.Release|Any CPU.Build.0 = Release|Any CPU
	EndGlobalSection
EndGlobal
